
Microsoft Visual Studio Solution File, Format Version 12.00
# Visual Studio 15
VisualStudioVersion = 15.0.28307.705
MinimumVisualStudioVersion = 10.0.40219.1
Project("{9A19103F-16F7-4668-BE54-9A1E7A4F7556}") = "InGameDemo.WebApi", "InGameDemo.WebApi\InGameDemo.WebApi.csproj", "{B1871E94-30F7-4FAC-B58A-73D5E7000835}"
EndProject
Project("{9A19103F-16F7-4668-BE54-9A1E7A4F7556}") = "InGameDemo.Core", "InGameDemo.Core\InGameDemo.Core.csproj", "{315DBE15-A003-41A5-830B-2E33A131ED4F}"
EndProject
Project("{9A19103F-16F7-4668-BE54-9A1E7A4F7556}") = "InGameDemo.Mvc", "InGameDemo.Mvc\InGameDemo.Mvc.csproj", "{C7661CC3-61B6-4788-A57E-B3C3FF92EF12}"
EndProject
Project("{FAE04EC0-301F-11D3-BF4B-00C04F79EFBC}") = "InGameDemo.WebApiTest", "InGameDemo.WebApiTest\InGameDemo.WebApiTest.csproj", "{923B6AB3-6113-466F-8EC3-B369D7BFFDF2}"
EndProject
Project("{2150E333-8FDC-42A3-9474-1A3956D46DE8}") = "Solution Items", "Solution Items", "{88F574EF-2575-44E1-B376-47C35A2E8D0F}"
	ProjectSection(SolutionItems) = preProject
		DatabaseScript.txt = DatabaseScript.txt
		Info.txt = Info.txt
	EndProjectSection
EndProject
Global
	GlobalSection(SolutionConfigurationPlatforms) = preSolution
		Debug|Any CPU = Debug|Any CPU
		Release|Any CPU = Release|Any CPU
	EndGlobalSection
	GlobalSection(ProjectConfigurationPlatforms) = postSolution
		{B1871E94-30F7-4FAC-B58A-73D5E7000835}.Debug|Any CPU.ActiveCfg = Debug|Any CPU
		{B1871E94-30F7-4FAC-B58A-73D5E7000835}.Debug|Any CPU.Build.0 = Debug|Any CPU
		{B1871E94-30F7-4FAC-B58A-73D5E7000835}.Release|Any CPU.ActiveCfg = Release|Any CPU
		{B1871E94-30F7-4FAC-B58A-73D5E7000835}.Release|Any CPU.Build.0 = Release|Any CPU
		{315DBE15-A003-41A5-830B-2E33A131ED4F}.Debug|Any CPU.ActiveCfg = Debug|Any CPU
		{315DBE15-A003-41A5-830B-2E33A131ED4F}.Debug|Any CPU.Build.0 = Debug|Any CPU
		{315DBE15-A003-41A5-830B-2E33A131ED4F}.Release|Any CPU.ActiveCfg = Release|Any CPU
		{315DBE15-A003-41A5-830B-2E33A131ED4F}.Release|Any CPU.Build.0 = Release|Any CPU
		{C7661CC3-61B6-4788-A57E-B3C3FF92EF12}.Debug|Any CPU.ActiveCfg = Debug|Any CPU
		{C7661CC3-61B6-4788-A57E-B3C3FF92EF12}.Debug|Any CPU.Build.0 = Debug|Any CPU
		{C7661CC3-61B6-4788-A57E-B3C3FF92EF12}.Release|Any CPU.ActiveCfg = Release|Any CPU
		{C7661CC3-61B6-4788-A57E-B3C3FF92EF12}.Release|Any CPU.Build.0 = Release|Any CPU
		{923B6AB3-6113-466F-8EC3-B369D7BFFDF2}.Debug|Any CPU.ActiveCfg = Debug|Any CPU
		{923B6AB3-6113-466F-8EC3-B369D7BFFDF2}.Debug|Any CPU.Build.0 = Debug|Any CPU
		{923B6AB3-6113-466F-8EC3-B369D7BFFDF2}.Release|Any CPU.ActiveCfg = Release|Any CPU
		{923B6AB3-6113-466F-8EC3-B369D7BFFDF2}.Release|Any CPU.Build.0 = Release|Any CPU
	EndGlobalSection
	GlobalSection(SolutionProperties) = preSolution
		HideSolutionNode = FALSE
	EndGlobalSection
	GlobalSection(ExtensibilityGlobals) = postSolution
		SolutionGuid = {E0A73854-375B-4201-AD0A-DDE679C6B7F4}
	EndGlobalSection
EndGlobal
